
Microsoft Visual Studio Solution File, Format Version 12.00
# Visual Studio Version 16
VisualStudioVersion = 16.0.30104.148
MinimumVisualStudioVersion = 10.0.40219.1
Project("{9A19103F-16F7-4668-BE54-9A1E7A4F7556}") = "NeuralNetworksAleppoth4", "NeuralNetworksAleppoth4.csproj", "{608D3D90-5B0E-4043-AE5B-16B0127FA075}"
EndProject
Global
	GlobalSection(SolutionConfigurationPlatforms) = preSolution
		Debug|Any CPU = Debug|Any CPU
		Release|Any CPU = Release|Any CPU
	EndGlobalSection
	GlobalSection(ProjectConfigurationPlatforms) = postSolution
		{608D3D90-5B0E-4043-AE5B-16B0127FA075}.Debug|Any CPU.ActiveCfg = Debug|Any CPU
		{608D3D90-5B0E-4043-AE5B-16B0127FA075}.Debug|Any CPU.Build.0 = Debug|Any CPU
		{608D3D90-5B0E-4043-AE5B-16B0127FA075}.Release|Any CPU.ActiveCfg = Release|Any CPU
		{608D3D90-5B0E-4043-AE5B-16B0127FA075}.Release|Any CPU.Build.0 = Release|Any CPU
	EndGlobalSection
	GlobalSection(SolutionProperties) = preSolution
		HideSolutionNode = FALSE
	EndGlobalSection
	GlobalSection(ExtensibilityGlobals) = postSolution
		SolutionGuid = {580B79E3-1277-4CCD-887E-A4CDC45B1134}
	EndGlobalSection
EndGlobal
